// !$*UTF8*$!
{
	archiveVersion = 1;
	classes = {
	};
	objectVersion = 46;
	objects = {

/* Begin PBXBuildFile section */
		F90BB6A81DFFEDA6006B369D /* main.m in Sources */ = {isa = PBXBuildFile; fileRef = F90BB6A71DFFEDA6006B369D /* main.m */; };
		F90BB6AB1DFFEDA6006B369D /* AppDelegate.m in Sources */ = {isa = PBXBuildFile; fileRef = F90BB6AA1DFFEDA6006B369D /* AppDelegate.m */; };
		F90BB6AE1DFFEDA6006B369D /* ViewController.m in Sources */ = {isa = PBXBuildFile; fileRef = F90BB6AD1DFFEDA6006B369D /* ViewController.m */; };
		F90BB6B11DFFEDA6006B369D /* Main.storyboard in Resources */ = {isa = PBXBuildFile; fileRef = F90BB6AF1DFFEDA6006B369D /* Main.storyboard */; };
		F90BB6B31DFFEDA6006B369D /* Assets.xcassets in Resources */ = {isa = PBXBuildFile; fileRef = F90BB6B21DFFEDA6006B369D /* Assets.xcassets */; };
		F90BB6B61DFFEDA6006B369D /* LaunchScreen.storyboard in Resources */ = {isa = PBXBuildFile; fileRef = F90BB6B41DFFEDA6006B369D /* LaunchScreen.storyboard */; };
		F90BB6C11DFFEDA6006B369D /* MethodIOS02Tests.m in Sources */ = {isa = PBXBuildFile; fileRef = F90BB6C01DFFEDA6006B369D /* MethodIOS02Tests.m */; };
		F90BB6CC1DFFEDA6006B369D /* MethodIOS02UITests.m in Sources */ = {isa = PBXBuildFile; fileRef = F90BB6CB1DFFEDA6006B369D /* MethodIOS02UITests.m */; };
		F90BB6DB1DFFF3C9006B369D /* ParentClass.m in Sources */ = {isa = PBXBuildFile; fileRef = F90BB6DA1DFFF3C9006B369D /* ParentClass.m */; };
/* End PBXBuildFile section */

/* Begin PBXContainerItemProxy section */
		F90BB6BD1DFFEDA6006B369D /* PBXContainerItemProxy */ = {
			isa = PBXContainerItemProxy;
			containerPortal = F90BB69B1DFFEDA6006B369D /* Project object */;
			proxyType = 1;
			remoteGlobalIDString = F90BB6A21DFFEDA6006B369D;
			remoteInfo = MethodIOS02;
		};
		F90BB6C81DFFEDA6006B369D /* PBXContainerItemProxy */ = {
			isa = PBXContainerItemProxy;
			containerPortal = F90BB69B1DFFEDA6006B369D /* Project object */;
			proxyType = 1;
			remoteGlobalIDString = F90BB6A21DFFEDA6006B369D;
			remoteInfo = MethodIOS02;
		};
/* End PBXContainerItemProxy section */

/* Begin PBXFileReference section */
		F90BB6A31DFFEDA6006B369D /* MethodIOS02.app */ = {isa = PBXFileReference; explicitFileType = wrapper.application; includeInIndex = 0; path = MethodIOS02.app; sourceTree = BUILT_PRODUCTS_DIR; };
		F90BB6A71DFFEDA6006B369D /* main.m */ = {isa = PBXFileReference; lastKnownFileType = sourcecode.c.objc; path = main.m; sourceTree = "<group>"; };
		F90BB6A91DFFEDA6006B369D /* AppDelegate.h */ = {isa = PBXFileReference; lastKnownFileType = sourcecode.c.h; path = AppDelegate.h; sourceTree = "<group>"; };
		F90BB6AA1DFFEDA6006B369D /* AppDelegate.m */ = {isa = PBXFileReference; lastKnownFileType = sourcecode.c.objc; path = AppDelegate.m; sourceTree = "<group>"; };
		F90BB6AC1DFFEDA6006B369D /* ViewController.h */ = {isa = PBXFileReference; lastKnownFileType = sourcecode.c.h; path = ViewController.h; sourceTree = "<group>"; };
		F90BB6AD1DFFEDA6006B369D /* ViewController.m */ = {isa = PBXFileReference; lastKnownFileType = sourcecode.c.objc; path = ViewController.m; sourceTree = "<group>"; };
		F90BB6B01DFFEDA6006B369D /* Base */ = {isa = PBXFileReference; lastKnownFileType = file.storyboard; name = Base; path = Base.lproj/Main.storyboard; sourceTree = "<group>"; };
		F90BB6B21DFFEDA6006B369D /* Assets.xcassets */ = {isa = PBXFileReference; lastKnownFileType = folder.assetcatalog; path = Assets.xcassets; sourceTree = "<group>"; };
		F90BB6B51DFFEDA6006B369D /* Base */ = {isa = PBXFileReference; lastKnownFileType = file.storyboard; name = Base; path = Base.lproj/LaunchScreen.storyboard; sourceTree = "<group>"; };
		F90BB6B71DFFEDA6006B369D /* Info.plist */ = {isa = PBXFileReference; lastKnownFileType = text.plist.xml; path = Info.plist; sourceTree = "<group>"; };
		F90BB6BC1DFFEDA6006B369D /* MethodIOS02Tests.xctest */ = {isa = PBXFileReference; explicitFileType = wrapper.cfbundle; includeInIndex = 0; path = MethodIOS02Tests.xctest; sourceTree = BUILT_PRODUCTS_DIR; };
		F90BB6C01DFFEDA6006B369D /* MethodIOS02Tests.m */ = {isa = PBXFileReference; lastKnownFileType = sourcecode.c.objc; path = MethodIOS02Tests.m; sourceTree = "<group>"; };
		F90BB6C21DFFEDA6006B369D /* Info.plist */ = {isa = PBXFileReference; lastKnownFileType = text.plist.xml; path = Info.plist; sourceTree = "<group>"; };
		F90BB6C71DFFEDA6006B369D /* MethodIOS02UITests.xctest */ = {isa = PBXFileReference; explicitFileType = wrapper.cfbundle; includeInIndex = 0; path = MethodIOS02UITests.xctest; sourceTree = BUILT_PRODUCTS_DIR; };
		F90BB6CB1DFFEDA6006B369D /* MethodIOS02UITests.m */ = {isa = PBXFileReference; lastKnownFileType = sourcecode.c.objc; path = MethodIOS02UITests.m; sourceTree = "<group>"; };
		F90BB6CD1DFFEDA6006B369D /* Info.plist */ = {isa = PBXFileReference; lastKnownFileType = text.plist.xml; path = Info.plist; sourceTree = "<group>"; };
		F90BB6D91DFFF3C9006B369D /* ParentClass.h */ = {isa = PBXFileReference; fileEncoding = 4; lastKnownFileType = sourcecode.c.h; path = ParentClass.h; sourceTree = "<group>"; };
		F90BB6DA1DFFF3C9006B369D /* ParentClass.m */ = {isa = PBXFileReference; fileEncoding = 4; lastKnownFileType = sourcecode.c.objc; path = ParentClass.m; sourceTree = "<group>"; };
/* End PBXFileReference section */

/* Begin PBXFrameworksBuildPhase section */
		F90BB6A01DFFEDA6006B369D /* Frameworks */ = {
			isa = PBXFrameworksBuildPhase;
			buildActionMask = 2147483647;
			files = (
			);
			runOnlyForDeploymentPostprocessing = 0;
		};
		F90BB6B91DFFEDA6006B369D /* Frameworks */ = {
			isa = PBXFrameworksBuildPhase;
			buildActionMask = 2147483647;
			files = (
			);
			runOnlyForDeploymentPostprocessing = 0;
		};
		F90BB6C41DFFEDA6006B369D /* Frameworks */ = {
			isa = PBXFrameworksBuildPhase;
			buildActionMask = 2147483647;
			files = (
			);
			runOnlyForDeploymentPostprocessing = 0;
		};
/* End PBXFrameworksBuildPhase section */

/* Begin PBXGroup section */
		F90BB69A1DFFEDA6006B369D = {
			isa = PBXGroup;
			children = (
				F90BB6A51DFFEDA6006B369D /* MethodIOS02 */,
				F90BB6BF1DFFEDA6006B369D /* MethodIOS02Tests */,
				F90BB6CA1DFFEDA6006B369D /* MethodIOS02UITests */,
				F90BB6A41DFFEDA6006B369D /* Products */,
			);
			sourceTree = "<group>";
		};
		F90BB6A41DFFEDA6006B369D /* Products */ = {
			isa = PBXGroup;
			children = (
				F90BB6A31DFFEDA6006B369D /* MethodIOS02.app */,
				F90BB6BC1DFFEDA6006B369D /* MethodIOS02Tests.xctest */,
				F90BB6C71DFFEDA6006B369D /* MethodIOS02UITests.xctest */,
			);
			name = Products;
			sourceTree = "<group>";
		};
		F90BB6A51DFFEDA6006B369D /* MethodIOS02 */ = {
			isa = PBXGroup;
			children = (
				F90BB6D91DFFF3C9006B369D /* ParentClass.h */,
				F90BB6DA1DFFF3C9006B369D /* ParentClass.m */,
				F90BB6A91DFFEDA6006B369D /* AppDelegate.h */,
				F90BB6AA1DFFEDA6006B369D /* AppDelegate.m */,
				F90BB6AC1DFFEDA6006B369D /* ViewController.h */,
				F90BB6AD1DFFEDA6006B369D /* ViewController.m */,
				F90BB6AF1DFFEDA6006B369D /* Main.storyboard */,
				F90BB6B21DFFEDA6006B369D /* Assets.xcassets */,
				F90BB6B41DFFEDA6006B369D /* LaunchScreen.storyboard */,
				F90BB6B71DFFEDA6006B369D /* Info.plist */,
				F90BB6A61DFFEDA6006B369D /* Supporting Files */,
			);
			path = MethodIOS02;
			sourceTree = "<group>";
		};
		F90BB6A61DFFEDA6006B369D /* Supporting Files */ = {
			isa = PBXGroup;
			children = (
				F90BB6A71DFFEDA6006B369D /* main.m */,
			);
			name = "Supporting Files";
			sourceTree = "<group>";
		};
		F90BB6BF1DFFEDA6006B369D /* MethodIOS02Tests */ = {
			isa = PBXGroup;
			children = (
				F90BB6C01DFFEDA6006B369D /* MethodIOS02Tests.m */,
				F90BB6C21DFFEDA6006B369D /* Info.plist */,
			);
			path = MethodIOS02Tests;
			sourceTree = "<group>";
		};
		F90BB6CA1DFFEDA6006B369D /* MethodIOS02UITests */ = {
			isa = PBXGroup;
			children = (
				F90BB6CB1DFFEDA6006B369D /* MethodIOS02UITests.m */,
				F90BB6CD1DFFEDA6006B369D /* Info.plist */,
			);
			path = MethodIOS02UITests;
			sourceTree = "<group>";
		};
/* End PBXGroup section */

/* Begin PBXNativeTarget section */
		F90BB6A21DFFEDA6006B369D /* MethodIOS02 */ = {
			isa = PBXNativeTarget;
			buildConfigurationList = F90BB6D01DFFEDA6006B369D /* Build configuration list for PBXNativeTarget "MethodIOS02" */;
			buildPhases = (
				F90BB69F1DFFEDA6006B369D /* Sources */,
				F90BB6A01DFFEDA6006B369D /* Frameworks */,
				F90BB6A11DFFEDA6006B369D /* Resources */,
			);
			buildRules = (
			);
			dependencies = (
			);
			name = MethodIOS02;
			productName = MethodIOS02;
			productReference = F90BB6A31DFFEDA6006B369D /* MethodIOS02.app */;
			productType = "com.apple.product-type.application";
		};
		F90BB6BB1DFFEDA6006B369D /* MethodIOS02Tests */ = {
			isa = PBXNativeTarget;
			buildConfigurationList = F90BB6D31DFFEDA6006B369D /* Build configuration list for PBXNativeTarget "MethodIOS02Tests" */;
			buildPhases = (
				F90BB6B81DFFEDA6006B369D /* Sources */,
				F90BB6B91DFFEDA6006B369D /* Frameworks */,
				F90BB6BA1DFFEDA6006B369D /* Resources */,
			);
			buildRules = (
			);
			dependencies = (
				F90BB6BE1DFFEDA6006B369D /* PBXTargetDependency */,
			);
			name = MethodIOS02Tests;
			productName = MethodIOS02Tests;
			productReference = F90BB6BC1DFFEDA6006B369D /* MethodIOS02Tests.xctest */;
			productType = "com.apple.product-type.bundle.unit-test";
		};
		F90BB6C61DFFEDA6006B369D /* MethodIOS02UITests */ = {
			isa = PBXNativeTarget;
			buildConfigurationList = F90BB6D61DFFEDA6006B369D /* Build configuration list for PBXNativeTarget "MethodIOS02UITests" */;
			buildPhases = (
				F90BB6C31DFFEDA6006B369D /* Sources */,
				F90BB6C41DFFEDA6006B369D /* Frameworks */,
				F90BB6C51DFFEDA6006B369D /* Resources */,
			);
			buildRules = (
			);
			dependencies = (
				F90BB6C91DFFEDA6006B369D /* PBXTargetDependency */,
			);
			name = MethodIOS02UITests;
			productName = MethodIOS02UITests;
			productReference = F90BB6C71DFFEDA6006B369D /* MethodIOS02UITests.xctest */;
			productType = "com.apple.product-type.bundle.ui-testing";
		};
/* End PBXNativeTarget section */

/* Begin PBXProject section */
		F90BB69B1DFFEDA6006B369D /* Project object */ = {
			isa = PBXProject;
			attributes = {
				LastUpgradeCheck = 0810;
				ORGANIZATIONNAME = Slava;
				TargetAttributes = {
					F90BB6A21DFFEDA6006B369D = {
						CreatedOnToolsVersion = 8.1;
						ProvisioningStyle = Automatic;
					};
					F90BB6BB1DFFEDA6006B369D = {
						CreatedOnToolsVersion = 8.1;
						ProvisioningStyle = Automatic;
						TestTargetID = F90BB6A21DFFEDA6006B369D;
					};
					F90BB6C61DFFEDA6006B369D = {
						CreatedOnToolsVersion = 8.1;
						ProvisioningStyle = Automatic;
						TestTargetID = F90BB6A21DFFEDA6006B369D;
					};
				};
			};
			buildConfigurationList = F90BB69E1DFFEDA6006B369D /* Build configuration list for PBXProject "MethodIOS02" */;
			compatibilityVersion = "Xcode 3.2";
			developmentRegion = English;
			hasScannedForEncodings = 0;
			knownRegions = (
				en,
				Base,
			);
			mainGroup = F90BB69A1DFFEDA6006B369D;
			productRefGroup = F90BB6A41DFFEDA6006B369D /* Products */;
			projectDirPath = "";
			projectRoot = "";
			targets = (
				F90BB6A21DFFEDA6006B369D /* MethodIOS02 */,
				F90BB6BB1DFFEDA6006B369D /* MethodIOS02Tests */,
				F90BB6C61DFFEDA6006B369D /* MethodIOS02UITests */,
			);
		};
/* End PBXProject section */

/* Begin PBXResourcesBuildPhase section */
		F90BB6A11DFFEDA6006B369D /* Resources */ = {
			isa = PBXResourcesBuildPhase;
			buildActionMask = 2147483647;
			files = (
				F90BB6B61DFFEDA6006B369D /* LaunchScreen.storyboard in Resources */,
				F90BB6B31DFFEDA6006B369D /* Assets.xcassets in Resources */,
				F90BB6B11DFFEDA6006B369D /* Main.storyboard in Resources */,
			);
			runOnlyForDeploymentPostprocessing = 0;
		};
		F90BB6BA1DFFEDA6006B369D /* Resources */ = {
			isa = PBXResourcesBuildPhase;
			buildActionMask = 2147483647;
			files = (
			);
			runOnlyForDeploymentPostprocessing = 0;
		};
		F90BB6C51DFFEDA6006B369D /* Resources */ = {
			isa = PBXResourcesBuildPhase;
			buildActionMask = 2147483647;
			files = (
			);
			runOnlyForDeploymentPostprocessing = 0;
		};
/* End PBXResourcesBuildPhase section */

/* Begin PBXSourcesBuildPhase section */
		F90BB69F1DFFEDA6006B369D /* Sources */ = {
			isa = PBXSourcesBuildPhase;
			buildActionMask = 2147483647;
			files = (
				F90BB6DB1DFFF3C9006B369D /* ParentClass.m in Sources */,
				F90BB6AE1DFFEDA6006B369D /* ViewController.m in Sources */,
				F90BB6AB1DFFEDA6006B369D /* AppDelegate.m in Sources */,
				F90BB6A81DFFEDA6006B369D /* main.m in Sources */,
			);
			runOnlyForDeploymentPostprocessing = 0;
		};
		F90BB6B81DFFEDA6006B369D /* Sources */ = {
			isa = PBXSourcesBuildPhase;
			buildActionMask = 2147483647;
			files = (
				F90BB6C11DFFEDA6006B369D /* MethodIOS02Tests.m in Sources */,
			);
			runOnlyForDeploymentPostprocessing = 0;
		};
		F90BB6C31DFFEDA6006B369D /* Sources */ = {
			isa = PBXSourcesBuildPhase;
			buildActionMask = 2147483647;
			files = (
				F90BB6CC1DFFEDA6006B369D /* MethodIOS02UITests.m in Sources */,
			);
			runOnlyForDeploymentPostprocessing = 0;
		};
/* End PBXSourcesBuildPhase section */

/* Begin PBXTargetDependency section */
		F90BB6BE1DFFEDA6006B369D /* PBXTargetDependency */ = {
			isa = PBXTargetDependency;
			target = F90BB6A21DFFEDA6006B369D /* MethodIOS02 */;
			targetProxy = F90BB6BD1DFFEDA6006B369D /* PBXContainerItemProxy */;
		};
		F90BB6C91DFFEDA6006B369D /* PBXTargetDependency */ = {
			isa = PBXTargetDependency;
			target = F90BB6A21DFFEDA6006B369D /* MethodIOS02 */;
			targetProxy = F90BB6C81DFFEDA6006B369D /* PBXContainerItemProxy */;
		};
/* End PBXTargetDependency section */

/* Begin PBXVariantGroup section */
		F90BB6AF1DFFEDA6006B369D /* Main.storyboard */ = {
			isa = PBXVariantGroup;
			children = (
				F90BB6B01DFFEDA6006B369D /* Base */,
			);
			name = Main.storyboard;
			sourceTree = "<group>";
		};
		F90BB6B41DFFEDA6006B369D /* LaunchScreen.storyboard */ = {
			isa = PBXVariantGroup;
			children = (
				F90BB6B51DFFEDA6006B369D /* Base */,
			);
			name = LaunchScreen.storyboard;
			sourceTree = "<group>";
		};
/* End PBXVariantGroup section */

/* Begin XCBuildConfiguration section */
		F90BB6CE1DFFEDA6006B369D /* Debug */ = {
			isa = XCBuildConfiguration;
			buildSettings = {
				ALWAYS_SEARCH_USER_PATHS = NO;
				CLANG_ANALYZER_NONNULL = YES;
				CLANG_CXX_LANGUAGE_STANDARD = "gnu++0x";
				CLANG_CXX_LIBRARY = "libc++";
				CLANG_ENABLE_MODULES = YES;
				CLANG_ENABLE_OBJC_ARC = YES;
				CLANG_WARN_BOOL_CONVERSION = YES;
				CLANG_WARN_CONSTANT_CONVERSION = YES;
				CLANG_WARN_DIRECT_OBJC_ISA_USAGE = YES_ERROR;
				CLANG_WARN_DOCUMENTATION_COMMENTS = YES;
				CLANG_WARN_EMPTY_BODY = YES;
				CLANG_WARN_ENUM_CONVERSION = YES;
				CLANG_WARN_INFINITE_RECURSION = YES;
				CLANG_WARN_INT_CONVERSION = YES;
				CLANG_WARN_OBJC_ROOT_CLASS = YES_ERROR;
				CLANG_WARN_SUSPICIOUS_MOVES = YES;
				CLANG_WARN_UNREACHABLE_CODE = YES;
				CLANG_WARN__DUPLICATE_METHOD_MATCH = YES;
				"CODE_SIGN_IDENTITY[sdk=iphoneos*]" = "iPhone Developer";
				COPY_PHASE_STRIP = NO;
				DEBUG_INFORMATION_FORMAT = dwarf;
				ENABLE_STRICT_OBJC_MSGSEND = YES;
				ENABLE_TESTABILITY = YES;
				GCC_C_LANGUAGE_STANDARD = gnu99;
				GCC_DYNAMIC_NO_PIC = NO;
				GCC_NO_COMMON_BLOCKS = YES;
				GCC_OPTIMIZATION_LEVEL = 0;
				GCC_PREPROCESSOR_DEFINITIONS = (
					"DEBUG=1",
					"$(inherited)",
				);
				GCC_WARN_64_TO_32_BIT_CONVERSION = YES;
				GCC_WARN_ABOUT_RETURN_TYPE = YES_ERROR;
				GCC_WARN_UNDECLARED_SELECTOR = YES;
				GCC_WARN_UNINITIALIZED_AUTOS = YES_AGGRESSIVE;
				GCC_WARN_UNUSED_FUNCTION = YES;
				GCC_WARN_UNUSED_VARIABLE = YES;
				IPHONEOS_DEPLOYMENT_TARGET = 10.1;
				MTL_ENABLE_DEBUG_INFO = YES;
				ONLY_ACTIVE_ARCH = YES;
				SDKROOT = iphoneos;
				TARGETED_DEVICE_FAMILY = "1,2";
			};
			name = Debug;
		};
		F90BB6CF1DFFEDA6006B369D /* Release */ = {
			isa = XCBuildConfiguration;
			buildSettings = {
				ALWAYS_SEARCH_USER_PATHS = NO;
				CLANG_ANALYZER_NONNULL = YES;
				CLANG_CXX_LANGUAGE_STANDARD = "gnu++0x";
				CLANG_CXX_LIBRARY = "libc++";
				CLANG_ENABLE_MODULES = YES;
				CLANG_ENABLE_OBJC_ARC = YES;
				CLANG_WARN_BOOL_CONVERSION = YES;
				CLANG_WARN_CONSTANT_CONVERSION = YES;
				CLANG_WARN_DIRECT_OBJC_ISA_USAGE = YES_ERROR;
				CLANG_WARN_DOCUMENTATION_COMMENTS = YES;
				CLANG_WARN_EMPTY_BODY = YES;
				CLANG_WARN_ENUM_CONVERSION = YES;
				CLANG_WARN_INFINITE_RECURSION = YES;
				CLANG_WARN_INT_CONVERSION = YES;
				CLANG_WARN_OBJC_ROOT_CLASS = YES_ERROR;
				CLANG_WARN_SUSPICIOUS_MOVES = YES;
				CLANG_WARN_UNREACHABLE_CODE = YES;
				CLANG_WARN__DUPLICATE_METHOD_MATCH = YES;
				"CODE_SIGN_IDENTITY[sdk=iphoneos*]" = "iPhone Developer";
				COPY_PHASE_STRIP = NO;
				DEBUG_INFORMATION_FORMAT = "dwarf-with-dsym";
				ENABLE_NS_ASSERTIONS = NO;
				ENABLE_STRICT_OBJC_MSGSEND = YES;
				GCC_C_LANGUAGE_STANDARD = gnu99;
				GCC_NO_COMMON_BLOCKS = YES;
				GCC_WARN_64_TO_32_BIT_CONVERSION = YES;
				GCC_WARN_ABOUT_RETURN_TYPE = YES_ERROR;
				GCC_WARN_UNDECLARED_SELECTOR = YES;
				GCC_WARN_UNINITIALIZED_AUTOS = YES_AGGRESSIVE;
				GCC_WARN_UNUSED_FUNCTION = YES;
				GCC_WARN_UNUSED_VARIABLE = YES;
				IPHONEOS_DEPLOYMENT_TARGET = 10.1;
				MTL_ENABLE_DEBUG_INFO = NO;
				SDKROOT = iphoneos;
				TARGETED_DEVICE_FAMILY = "1,2";
				VALIDATE_PRODUCT = YES;
			};
			name = Release;
		};
		F90BB6D11DFFEDA6006B369D /* Debug */ = {
			isa = XCBuildConfiguration;
			buildSettings = {
				ASSETCATALOG_COMPILER_APPICON_NAME = AppIcon;
				INFOPLIST_FILE = MethodIOS02/Info.plist;
				LD_RUNPATH_SEARCH_PATHS = "$(inherited) @executable_path/Frameworks";
				PRODUCT_BUNDLE_IDENTIFIER = com.slavchik.MethodIOS02;
				PRODUCT_NAME = "$(TARGET_NAME)";
			};
			name = Debug;
		};
		F90BB6D21DFFEDA6006B369D /* Release */ = {
			isa = XCBuildConfiguration;
			buildSettings = {
				ASSETCATALOG_COMPILER_APPICON_NAME = AppIcon;
				INFOPLIST_FILE = MethodIOS02/Info.plist;
				LD_RUNPATH_SEARCH_PATHS = "$(inherited) @executable_path/Frameworks";
				PRODUCT_BUNDLE_IDENTIFIER = com.slavchik.MethodIOS02;
				PRODUCT_NAME = "$(TARGET_NAME)";
			};
			name = Release;
		};
		F90BB6D41DFFEDA6006B369D /* Debug */ = {
			isa = XCBuildConfiguration;
			buildSettings = {
				BUNDLE_LOADER = "$(TEST_HOST)";
				INFOPLIST_FILE = MethodIOS02Tests/Info.plist;
				LD_RUNPATH_SEARCH_PATHS = "$(inherited) @executable_path/Frameworks @loader_path/Frameworks";
				PRODUCT_BUNDLE_IDENTIFIER = com.slavchik.MethodIOS02Tests;
				PRODUCT_NAME = "$(TARGET_NAME)";
				TEST_HOST = "$(BUILT_PRODUCTS_DIR)/MethodIOS02.app/MethodIOS02";
			};
			name = Debug;
		};
		F90BB6D51DFFEDA6006B369D /* Release */ = {
			isa = XCBuildConfiguration;
			buildSettings = {
				BUNDLE_LOADER = "$(TEST_HOST)";
				INFOPLIST_FILE = MethodIOS02Tests/Info.plist;
				LD_RUNPATH_SEARCH_PATHS = "$(inherited) @executable_path/Frameworks @loader_path/Frameworks";
				PRODUCT_BUNDLE_IDENTIFIER = com.slavchik.MethodIOS02Tests;
				PRODUCT_NAME = "$(TARGET_NAME)";
				TEST_HOST = "$(BUILT_PRODUCTS_DIR)/MethodIOS02.app/MethodIOS02";
			};
			name = Release;
		};
		F90BB6D71DFFEDA6006B369D /* Debug */ = {
			isa = XCBuildConfiguration;
			buildSettings = {
				INFOPLIST_FILE = MethodIOS02UITests/Info.plist;
				LD_RUNPATH_SEARCH_PATHS = "$(inherited) @executable_path/Frameworks @loader_path/Frameworks";
				PRODUCT_BUNDLE_IDENTIFIER = com.slavchik.MethodIOS02UITests;
				PRODUCT_NAME = "$(TARGET_NAME)";
				TEST_TARGET_NAME = MethodIOS02;
			};
			name = Debug;
		};
		F90BB6D81DFFEDA6006B369D /* Release */ = {
			isa = XCBuildConfiguration;
			buildSettings = {
				INFOPLIST_FILE = MethodIOS02UITests/Info.plist;
				LD_RUNPATH_SEARCH_PATHS = "$(inherited) @executable_path/Frameworks @loader_path/Frameworks";
				PRODUCT_BUNDLE_IDENTIFIER = com.slavchik.MethodIOS02UITests;
				PRODUCT_NAME = "$(TARGET_NAME)";
				TEST_TARGET_NAME = MethodIOS02;
			};
			name = Release;
		};
/* End XCBuildConfiguration section */

/* Begin XCConfigurationList section */
		F90BB69E1DFFEDA6006B369D /* Build configuration list for PBXProject "MethodIOS02" */ = {
			isa = XCConfigurationList;
			buildConfigurations = (
				F90BB6CE1DFFEDA6006B369D /* Debug */,
				F90BB6CF1DFFEDA6006B369D /* Release */,
			);
			defaultConfigurationIsVisible = 0;
			defaultConfigurationName = Release;
		};
		F90BB6D01DFFEDA6006B369D /* Build configuration list for PBXNativeTarget "MethodIOS02" */ = {
			isa = XCConfigurationList;
			buildConfigurations = (
				F90BB6D11DFFEDA6006B369D /* Debug */,
				F90BB6D21DFFEDA6006B369D /* Release */,
			);
			defaultConfigurationIsVisible = 0;
		};
		F90BB6D31DFFEDA6006B369D /* Build configuration list for PBXNativeTarget "MethodIOS02Tests" */ = {
			isa = XCConfigurationList;
			buildConfigurations = (
				F90BB6D41DFFEDA6006B369D /* Debug */,
				F90BB6D51DFFEDA6006B369D /* Release */,
			);
			defaultConfigurationIsVisible = 0;
		};
		F90BB6D61DFFEDA6006B369D /* Build configuration list for PBXNativeTarget "MethodIOS02UITests" */ = {
			isa = XCConfigurationList;
			buildConfigurations = (
				F90BB6D71DFFEDA6006B369D /* Debug */,
				F90BB6D81DFFEDA6006B369D /* Release */,
			);
			defaultConfigurationIsVisible = 0;
		};
/* End XCConfigurationList section */
	};
	rootObject = F90BB69B1DFFEDA6006B369D /* Project object */;
}
